
Microsoft Visual Studio Solution File, Format Version 12.00
# Visual Studio 15
VisualStudioVersion = 15.0.26730.12
MinimumVisualStudioVersion = 10.0.40219.1
Project("{FAE04EC0-301F-11D3-BF4B-00C04F79EFBC}") = "CustomerAppBLL", "CustomerAppBLL\CustomerAppBLL.csproj", "{49648D86-44BA-4EA4-B85A-0228435FFF9B}"
EndProject
Project("{FAE04EC0-301F-11D3-BF4B-00C04F79EFBC}") = "CustomerAppDAL", "CustomerAppDAL\CustomerAppDAL.csproj", "{DE52C770-2174-4649-9659-A59547AB63A4}"
EndProject
Project("{FAE04EC0-301F-11D3-BF4B-00C04F79EFBC}") = "CustomerRestAPI", "CustomerRestAPI\CustomerRestAPI.csproj", "{0BD5D6D3-9EBA-4E8C-832B-53E9FA19C087}"
EndProject
Global
	GlobalSection(SolutionConfigurationPlatforms) = preSolution
		Debug|Any CPU = Debug|Any CPU
		Release|Any CPU = Release|Any CPU
	EndGlobalSection
	GlobalSection(ProjectConfigurationPlatforms) = postSolution
		{49648D86-44BA-4EA4-B85A-0228435FFF9B}.Debug|Any CPU.ActiveCfg = Debug|Any CPU
		{49648D86-44BA-4EA4-B85A-0228435FFF9B}.Debug|Any CPU.Build.0 = Debug|Any CPU
		{49648D86-44BA-4EA4-B85A-0228435FFF9B}.Release|Any CPU.ActiveCfg = Release|Any CPU
		{49648D86-44BA-4EA4-B85A-0228435FFF9B}.Release|Any CPU.Build.0 = Release|Any CPU
		{DE52C770-2174-4649-9659-A59547AB63A4}.Debug|Any CPU.ActiveCfg = Debug|Any CPU
		{DE52C770-2174-4649-9659-A59547AB63A4}.Debug|Any CPU.Build.0 = Debug|Any CPU
		{DE52C770-2174-4649-9659-A59547AB63A4}.Release|Any CPU.ActiveCfg = Release|Any CPU
		{DE52C770-2174-4649-9659-A59547AB63A4}.Release|Any CPU.Build.0 = Release|Any CPU
		{0BD5D6D3-9EBA-4E8C-832B-53E9FA19C087}.Debug|Any CPU.ActiveCfg = Debug|Any CPU
		{0BD5D6D3-9EBA-4E8C-832B-53E9FA19C087}.Debug|Any CPU.Build.0 = Debug|Any CPU
		{0BD5D6D3-9EBA-4E8C-832B-53E9FA19C087}.Release|Any CPU.ActiveCfg = Release|Any CPU
		{0BD5D6D3-9EBA-4E8C-832B-53E9FA19C087}.Release|Any CPU.Build.0 = Release|Any CPU
	EndGlobalSection
	GlobalSection(SolutionProperties) = preSolution
		HideSolutionNode = FALSE
	EndGlobalSection
	GlobalSection(ExtensibilityGlobals) = postSolution
		SolutionGuid = {3CA95A0D-54E5-45D8-9080-B2166938AE8A}
	EndGlobalSection
EndGlobal
